
Microsoft Visual Studio Solution File, Format Version 12.00
# Visual Studio Version 17
VisualStudioVersion = 17.5.33502.453
MinimumVisualStudioVersion = 10.0.40219.1
Project("{2150E333-8FDC-42A3-9474-1A3956D46DE8}") = "Core", "Core", "{1A2BFFF3-84C2-4039-A7E4-E81B4F096A47}"
EndProject
Project("{2150E333-8FDC-42A3-9474-1A3956D46DE8}") = "Adapters", "Adapters", "{33FFD1A4-0980-4DF3-AED0-4219BCE9A91D}"
EndProject
Project("{9A19103F-16F7-4668-BE54-9A1E7A4F7556}") = "FIAP.Modules.Domain", "FIAP.Modules.Domain\FIAP.Modules.Domain.csproj", "{8668AD71-AAD0-473E-8F8E-2CB0F3862CEC}"
EndProject
Project("{9A19103F-16F7-4668-BE54-9A1E7A4F7556}") = "FIAP.Modules.Application", "FIAP.Modules.Application\FIAP.Modules.Application.csproj", "{3FBC5652-01C0-4C2A-BD06-579EEBC86A3A}"
EndProject
Project("{9A19103F-16F7-4668-BE54-9A1E7A4F7556}") = "FIAP.Adapters.PostgreSQL", "FIAP.Adapters.PostgreSQL\FIAP.Adapters.PostgreSQL.csproj", "{56517875-E9B3-4CF7-B2BA-7DAB27747BC8}"
EndProject
Project("{9A19103F-16F7-4668-BE54-9A1E7A4F7556}") = "FIAP.Adapters.API", "FIAP.Adapters.API\FIAP.Adapters.API.csproj", "{724AB1CB-C849-49B7-841C-9886FA175E4B}"
EndProject
Project("{2150E333-8FDC-42A3-9474-1A3956D46DE8}") = "Driver", "Driver", "{A888516A-1E07-45C5-BF5B-E07C0E5D3D7A}"
EndProject
Project("{2150E333-8FDC-42A3-9474-1A3956D46DE8}") = "Driven", "Driven", "{C26EAF48-D521-4078-AA9E-4CE441E40A55}"
EndProject
Project("{2150E333-8FDC-42A3-9474-1A3956D46DE8}") = "Solution Items", "Solution Items", "{4E67077A-CE53-4F4B-B9F2-D0C28C186CEA}"
	ProjectSection(SolutionItems) = preProject
		docker-compose.yml = docker-compose.yml
		Dockerfile = Dockerfile
	EndProjectSection
EndProject
Project("{FAE04EC0-301F-11D3-BF4B-00C04F79EFBC}") = "FIAP.Adapters.Payment", "FIAP.Adapters.Payment\FIAP.Adapters.Payment.csproj", "{71E1900B-757C-4E83-A957-E30F52E160B2}"
EndProject
Global
	GlobalSection(SolutionConfigurationPlatforms) = preSolution
		Debug|Any CPU = Debug|Any CPU
		Release|Any CPU = Release|Any CPU
	EndGlobalSection
	GlobalSection(ProjectConfigurationPlatforms) = postSolution
		{8668AD71-AAD0-473E-8F8E-2CB0F3862CEC}.Debug|Any CPU.ActiveCfg = Debug|Any CPU
		{8668AD71-AAD0-473E-8F8E-2CB0F3862CEC}.Debug|Any CPU.Build.0 = Debug|Any CPU
		{8668AD71-AAD0-473E-8F8E-2CB0F3862CEC}.Release|Any CPU.ActiveCfg = Release|Any CPU
		{8668AD71-AAD0-473E-8F8E-2CB0F3862CEC}.Release|Any CPU.Build.0 = Release|Any CPU
		{3FBC5652-01C0-4C2A-BD06-579EEBC86A3A}.Debug|Any CPU.ActiveCfg = Debug|Any CPU
		{3FBC5652-01C0-4C2A-BD06-579EEBC86A3A}.Debug|Any CPU.Build.0 = Debug|Any CPU
		{3FBC5652-01C0-4C2A-BD06-579EEBC86A3A}.Release|Any CPU.ActiveCfg = Release|Any CPU
		{3FBC5652-01C0-4C2A-BD06-579EEBC86A3A}.Release|Any CPU.Build.0 = Release|Any CPU
		{56517875-E9B3-4CF7-B2BA-7DAB27747BC8}.Debug|Any CPU.ActiveCfg = Debug|Any CPU
		{56517875-E9B3-4CF7-B2BA-7DAB27747BC8}.Debug|Any CPU.Build.0 = Debug|Any CPU
		{56517875-E9B3-4CF7-B2BA-7DAB27747BC8}.Release|Any CPU.ActiveCfg = Release|Any CPU
		{56517875-E9B3-4CF7-B2BA-7DAB27747BC8}.Release|Any CPU.Build.0 = Release|Any CPU
		{724AB1CB-C849-49B7-841C-9886FA175E4B}.Debug|Any CPU.ActiveCfg = Debug|Any CPU
		{724AB1CB-C849-49B7-841C-9886FA175E4B}.Debug|Any CPU.Build.0 = Debug|Any CPU
		{724AB1CB-C849-49B7-841C-9886FA175E4B}.Release|Any CPU.ActiveCfg = Release|Any CPU
		{724AB1CB-C849-49B7-841C-9886FA175E4B}.Release|Any CPU.Build.0 = Release|Any CPU
		{71E1900B-757C-4E83-A957-E30F52E160B2}.Debug|Any CPU.ActiveCfg = Debug|Any CPU
		{71E1900B-757C-4E83-A957-E30F52E160B2}.Debug|Any CPU.Build.0 = Debug|Any CPU
		{71E1900B-757C-4E83-A957-E30F52E160B2}.Release|Any CPU.ActiveCfg = Release|Any CPU
		{71E1900B-757C-4E83-A957-E30F52E160B2}.Release|Any CPU.Build.0 = Release|Any CPU
	EndGlobalSection
	GlobalSection(SolutionProperties) = preSolution
		HideSolutionNode = FALSE
	EndGlobalSection
	GlobalSection(NestedProjects) = preSolution
		{8668AD71-AAD0-473E-8F8E-2CB0F3862CEC} = {1A2BFFF3-84C2-4039-A7E4-E81B4F096A47}
		{3FBC5652-01C0-4C2A-BD06-579EEBC86A3A} = {1A2BFFF3-84C2-4039-A7E4-E81B4F096A47}
		{56517875-E9B3-4CF7-B2BA-7DAB27747BC8} = {C26EAF48-D521-4078-AA9E-4CE441E40A55}
		{724AB1CB-C849-49B7-841C-9886FA175E4B} = {A888516A-1E07-45C5-BF5B-E07C0E5D3D7A}
		{A888516A-1E07-45C5-BF5B-E07C0E5D3D7A} = {33FFD1A4-0980-4DF3-AED0-4219BCE9A91D}
		{C26EAF48-D521-4078-AA9E-4CE441E40A55} = {33FFD1A4-0980-4DF3-AED0-4219BCE9A91D}
		{71E1900B-757C-4E83-A957-E30F52E160B2} = {C26EAF48-D521-4078-AA9E-4CE441E40A55}
	EndGlobalSection
	GlobalSection(ExtensibilityGlobals) = postSolution
		SolutionGuid = {96FEC44F-803A-4792-A90F-BA9518F6E3E8}
	EndGlobalSection
EndGlobal
